<?xml version="1.0" encoding="utf-8"?>
<Project ToolsVersion="4.0" xmlns="http://schemas.microsoft.com/developer/msbuild/2003">
  <ItemGroup>
    <ClCompile Include="src\audio\sound.cpp" />
    <ClCompile Include="src\entity\entity.cpp" />
    <ClCompile Include="src\event\event.cpp" />
    <ClCompile Include="src\gamestates\gamestate.cpp" />
    <ClCompile Include="src\graphics\atlas\atlas.cpp" />
    <ClCompile Include="src\graphics\atlas\atlasmanager.cpp" />
    <ClCompile Include="src\graphics\buffers\batchindexbuffer.cpp" />
    <ClCompile Include="src\graphics\buffers\buffer.cpp" />
    <ClCompile Include="src\graphics\buffers\indexbuffer.cpp" />
    <ClCompile Include="src\graphics\buffers\vertexarray.cpp" />
    <ClCompile Include="src\graphics\fonts\font.cpp" />
    <ClCompile Include="src\graphics\fonts\fontmanager.cpp" />
    <ClCompile Include="src\graphics\gui\border.cpp" />
    <ClCompile Include="src\graphics\gui\frame.cpp" />
    <ClCompile Include="src\graphics\gui\gui.cpp" />
    <ClCompile Include="src\graphics\gui\label.cpp" />
    <ClCompile Include="src\graphics\gui\panel.cpp" />
    <ClCompile Include="src\graphics\layers\box2dlayer.cpp" />
    <ClCompile Include="src\graphics\layers\group.cpp" />
    <ClCompile Include="src\graphics\shaders\shader.cpp" />
    <ClCompile Include="src\graphics\shaders\shaderfactory.cpp" />
    <ClCompile Include="src\graphics\textures\imagefactory.cpp" />
    <ClCompile Include="src\graphics\textures\texture.cpp" />
    <ClCompile Include="src\graphics\textures\texturemanager.cpp" />
    <ClCompile Include="src\graphics\animation.cpp" />
    <ClCompile Include="src\graphics\particle.cpp" />
    <ClCompile Include="src\graphics\particlepool.cpp" />
    <ClCompile Include="src\graphics\window.cpp" />
    <ClCompile Include="src\input\joystick.cpp" />
    <ClCompile Include="src\internal\app.cpp" />
    <ClCompile Include="src\utils\uuid.cpp" />
    <ClCompile Include="src\math\mat3.cpp" />
    <ClCompile Include="src\math\vec2.cpp" />
    <ClCompile Include="src\math\vec3.cpp" />
    <ClCompile Include="src\math\vec4.cpp" />
    <ClCompile Include="src\math\mat4.cpp" />
    <ClCompile Include="src\math\quaternion.cpp" />
    <ClCompile Include="src\graphics\layers\layer3d.cpp" />
    <ClCompile Include="src\graphics\models\mesh.cpp" />
    <ClCompile Include="src\graphics\models\material.cpp" />
    <ClCompile Include="src\graphics\models\materialmodel.cpp" />
    <ClCompile Include="src\graphics\models\entitymodel.cpp" />
    <ClCompile Include="src\graphics\framebufferobject.cpp" />
    <ClCompile Include="src\graphics\renderers\renderer3d.cpp" />
    <ClCompile Include="src\graphics\renderers\batchrenderer.cpp" />
    <ClCompile Include="src\graphics\renderers\batchrenderer3d.cpp" />
    <ClCompile Include="src\graphics\models\meshfactory.cpp" />
    <ClCompile Include="src\graphics\gui\slider.cpp" />
    <ClCompile Include="src\event\eventdispatcher.cpp" />
    <ClCompile Include="src\event\keylistener.cpp" />
    <ClCompile Include="src\event\mouselistener.cpp" />
    <ClCompile Include="src\utils\dialogbox.cpp" />
    <ClCompile Include="src\drivers\lineardriver.cpp" />
    <ClCompile Include="src\drivers\driver.cpp" />
    <ClCompile Include="src\drivers\driverdispatcher.cpp" />
    <ClCompile Include="src\graphics\layers\guilayer.cpp" />
    <ClCompile Include="src\graphics\gui\button.cpp" />
    <ClCompile Include="src\drivers\rectdriver.cpp" />
    <ClCompile Include="src\graphics\textures\cubemap.cpp" />
    <ClCompile Include="src\graphics\skybox.cpp" />
    <ClCompile Include="src\utils\noise.cpp" />
    <ClCompile Include="src\graphics\textures\texture2d.cpp" />
    <ClCompile Include="src\graphics\models\meshdata.cpp" />
    <ClCompile Include="src\audio\soundmanager.cpp" />
    <ClCompile Include="src\gamestates\gamestatemanager.cpp" />
    <ClCompile Include="src\graphics\fonts\fontcontainer.cpp" />
    <ClCompile Include="src\utils\json\JSONObject.cpp" />
    <ClCompile Include="src\utils\json\JSONArrayObject.cpp" />
    <ClCompile Include="src\utils\json\JSONArray.cpp" />
    <ClCompile Include="src\utils\json\JSONLoader.cpp" />
    <ClCompile Include="src\graphics\renderengine.cpp" />
    <ClCompile Include="src\graphics\models\tpcamera.cpp" />
    <ClCompile Include="src\utils\json\JSON.cpp" />
    <ClCompile Include="src\logging\Log.cpp" />
    <ClCompile Include="src\logging\Logger.cpp" />
    <ClCompile Include="src\logging\LogStream.cpp" />
    <ClCompile Include="src\logging\LogLevel.cpp" />
    <ClCompile Include="src\audio\audiochannel.cpp" />
    <ClCompile Include="src\audio\audiochannelmanager.cpp" />
    <ClCompile Include="src\graphics\gui\slidercontroller.cpp" />
    <ClCompile Include="src\graphics\gui\textbox.cpp" />
    <ClCompile Include="src\graphics\gui\progressbar.cpp" />
  </ItemGroup>
  <ItemGroup>
    <ClInclude Include="src\graphics\font.h" />
    <ClInclude Include="src\managers\channelmanager.h" />
    <ClInclude Include="src\managers\fontmanager.h" />
    <ClInclude Include="src\graphics\glyph.h" />
    <ClInclude Include="src\graphics\label.h" />
    <ClInclude Include="src\graphics\renderableglyph.h" />
    <ClInclude Include="src\graphics\texture.h" />
    <ClInclude Include="src\managers\texturemanager.h" />
    <ClInclude Include="src\utils\log.h" />
    <ClInclude Include="src\utils\physics.h" />
    <ClInclude Include="src\graphics\guis\gui.h" />
    <ClInclude Include="src\graphics\guis\layout.h" />
    <ClInclude Include="src\managers\atlasmanager.h" />
    <ClInclude Include="src\graphics\guis\text.h" />
    <ClInclude Include="src\graphics\guis\panel.h" />
    <ClInclude Include="src\graphics\guis\button.h" />
    <ClInclude Include="src\graphics\guis\panel.h" />
    <ClInclude Include="src\graphics\guis\textview.h" />
    <ClInclude Include="src\graphics\renderable4poly.h" />
    <ClInclude Include="src\graphics\batchrenderersquare.h" />
    <ClInclude Include="src\audio\sound.h" />
    <ClInclude Include="src\entity\entity.h" />
    <ClInclude Include="src\event\event.h" />
    <ClInclude Include="src\event\mouseevent.h" />
    <ClInclude Include="src\gamestates\gamestate.h" />
    <ClInclude Include="src\graphics\atlas\atlas.h" />
    <ClInclude Include="src\graphics\atlas\atlasmanager.h" />
    <ClInclude Include="src\graphics\buffers\batchindexbuffer.h" />
    <ClInclude Include="src\graphics\buffers\buffer.h" />
    <ClInclude Include="src\graphics\buffers\indexbuffer.h" />
    <ClInclude Include="src\graphics\buffers\vertexarray.h" />
    <ClInclude Include="src\graphics\fonts\font.h" />
    <ClInclude Include="src\graphics\fonts\fontmanager.h" />
    <ClInclude Include="src\graphics\gui\border.h" />
    <ClInclude Include="src\graphics\gui\frame.h" />
    <ClInclude Include="src\graphics\gui\gui.h" />
    <ClInclude Include="src\graphics\gui\label.h" />
    <ClInclude Include="src\graphics\gui\panel.h" />
    <ClInclude Include="src\graphics\layers\box2dlayer.h" />
    <ClInclude Include="src\graphics\layers\group.h" />
    <ClInclude Include="src\graphics\shaders\shader.h" />
    <ClInclude Include="src\graphics\shaders\shaderfactory.h" />
    <ClInclude Include="src\graphics\textures\imagefactory.h" />
    <ClInclude Include="src\graphics\textures\texture.h" />
    <ClInclude Include="src\graphics\textures\texturemanager.h" />
    <ClInclude Include="src\graphics\animation.h" />
    <ClInclude Include="src\graphics\particle.h" />
    <ClInclude Include="src\graphics\particlepool.h" />
    <ClInclude Include="src\graphics\renderable.h" />
    <ClInclude Include="src\graphics\renderable2d.h" />
    <ClInclude Include="src\graphics\renderablepoly.h" />
    <ClInclude Include="src\graphics\sprite.h" />
    <ClInclude Include="src\graphics\window.h" />
    <ClInclude Include="src\input\joystick.h" />
    <ClInclude Include="src\internal\app.h" />
    <ClInclude Include="src\internal\greet_types.h" />
    <ClInclude Include="src\internal\greetgl.h" />
    <ClInclude Include="src\listeners\joystickstate.h" />
    <ClInclude Include="src\listeners\listeners.h" />
    <ClInclude Include="src\listeners\windowfocus.h" />
    <ClInclude Include="src\listeners\windowlistener.h" />
    <ClInclude Include="src\listeners\windowresize.h" />
    <ClInclude Include="src\logging\logger.h" />
    <ClInclude Include="src\utils\fileutils.h" />
    <ClInclude Include="src\utils\imageutils.h" />
    <ClInclude Include="src\utils\stringutils.h" />
    <ClInclude Include="src\utils\timer.h" />
    <ClInclude Include="src\utils\utils.h" />
    <ClInclude Include="src\utils\uuid.h" />
    <ClInclude Include="src\math\mat3.h" />
    <ClInclude Include="src\math\math_func.h" />
    <ClInclude Include="src\math\maths.h" />
    <ClInclude Include="src\math\transform.h" />
    <ClInclude Include="src\math\vec2.h" />
    <ClInclude Include="src\math\vec3.h" />
    <ClInclude Include="src\math\vec4.h" />
    <ClInclude Include="src\math\mat4.h" />
    <ClInclude Include="src\math\quaternion.h" />
    <ClInclude Include="src\graphics\layers\layer3d.h" />
    <ClInclude Include="src\graphics\models\mesh.h" />
    <ClInclude Include="src\graphics\models\Material.h" />
    <ClInclude Include="src\graphics\models\MaterialModel.h" />
    <ClInclude Include="src\graphics\models\entitymodel.h" />
    <ClInclude Include="src\graphics\models\camera.h" />
    <ClInclude Include="src\utils\objutils.h" />
    <ClInclude Include="src\graphics\framebufferobject.h" />
    <ClInclude Include="src\graphics\renderers\renderer3d.h" />
    <ClInclude Include="src\graphics\renderers\renderer.h" />
    <ClInclude Include="src\graphics\renderers\renderer2d.h" />
    <ClInclude Include="src\graphics\renderers\batchrenderer.h" />
    <ClInclude Include="src\graphics\renderers\batchrenderer3d.h" />
    <ClInclude Include="src\graphics\models\meshfactory.h" />
    <ClInclude Include="src\utils\colorutils.h" />
    <ClInclude Include="src\graphics\gui\slider.h" />
    <ClInclude Include="src\event\eventdispatcher.h" />
    <ClInclude Include="src\event\mouselistener.h" />
    <ClInclude Include="src\event\keyevent.h" />
    <ClInclude Include="src\event\keylistener.h" />
    <ClInclude Include="src\utils\dialogbox.h" />
    <ClInclude Include="src\drivers\driverlistener.h" />
    <ClInclude Include="src\drivers\driver.h" />
    <ClInclude Include="src\drivers\lineardriver.h" />
    <ClInclude Include="src\drivers\driverdispatcher.h" />
    <ClInclude Include="src\drivers\driveradapter.h" />
    <ClInclude Include="src\graphics\gui\ltrb.h" />
    <ClInclude Include="src\graphics\layers\guilayer.h" />
    <ClInclude Include="src\graphics\gui\button.h" />
    <ClInclude Include="src\drivers\rectdriver.h" />
    <ClInclude Include="src\drivers\driver1.h" />
    <ClInclude Include="src\drivers\driver2.h" />
    <ClInclude Include="src\drivers\driver4.h" />
    <ClInclude Include="src\listeners\onclicklistener.h" />
    <ClInclude Include="src\utils\errorhandler.h" />
    <ClInclude Include="src\graphics\textures\cubemap.h" />
    <ClInclude Include="src\graphics\skybox.h" />
    <ClInclude Include="src\utils\noise.h" />
    <ClInclude Include="src\graphics\textures\texture2d.h" />
    <ClInclude Include="src\graphics\models\MeshData.h" />
    <ClInclude Include="src\audio\soundmanager.h" />
    <ClInclude Include="src\greet.h" />
    <ClInclude Include="src\gamestates\gamestatemanager.h" />
    <ClInclude Include="src\graphics\Light.h" />
    <ClInclude Include="src\graphics\fonts\fontcontainer.h" />
    <ClInclude Include="src\utils\json\JSONArray.h" />
    <ClInclude Include="src\utils\json\JSONObject.h" />
    <ClInclude Include="src\utils\json\JSONArrayObject.h" />
    <ClInclude Include="src\utils\json\JSONLoader.h" />
    <ClInclude Include="src\graphics\renderengine.h" />
    <ClInclude Include="src\graphics\models\tpcamera.h" />
    <ClInclude Include="src\graphics\models\fpcamera.h" />
    <ClInclude Include="src\utils\json\JSON.h" />
    <ClInclude Include="src\logging\Log.h" />
    <ClInclude Include="src\logging\LogLevel.h" />
    <ClInclude Include="src\logging\LogStream.h" />
    <ClInclude Include="src\audio\audiochannel.h" />
    <ClInclude Include="src\audio\audiochannelmanager.h" />
    <ClInclude Include="src\graphics\gui\slidercontroller.h" />
    <ClInclude Include="src\graphics\gui\textbox.h" />
    <ClInclude Include="src\graphics\gui\progressbar.h" />
  </ItemGroup>
  <ItemGroup>
    <None Include="..\Performance4.psess" />
    <None Include="..\..\GreetWorkspace\GreetEngine\greet-core\src\graphics\textures\frame.bin" />
    <None Include="src\graphics\textures\frame.bin" />
    <None Include="ClassDiagram.cd" />
    <None Include="src\graphics\shaders\skyboxshader.vert" />
    <None Include="src\graphics\shaders\skyboxshader.frag" />
    <None Include="src\graphics\shaders\default2dshader.vert" />
    <None Include="src\graphics\shaders\default2dshader.frag" />
    <None Include="src\graphics\shaders\ledshader.frag" />
    <None Include="src\graphics\shaders\debugshader.frag" />
    <None Include="src\graphics\shaders\basiclightshader.frag" />
    <None Include="src\graphics\shaders\guassianblur.frag" />
  </ItemGroup>
</Project>